{
  "name": "syngy-packages",
  "lockfileVersion": 3,
  "requires": true,
  "packages": {
    "": {
      "name": "syngy-packages",
      "workspaces": [
        "packages/*"
      ]
    },
    "node_modules/@syngy/api-client-account": {
      "resolved": "packages/api-client-account",
      "link": true
    },
    "node_modules/@syngy/api-client-core": {
      "resolved": "packages/api-client-core",
      "link": true
    },
    "node_modules/@syngy/api-client-user": {
      "resolved": "packages/api-client-user",
      "link": true
    },
    "node_modules/@syngy/api-types-user": {
      "resolved": "packages/api-types-user",
      "link": true
    },
    "node_modules/@syngy/domain-user": {
      "resolved": "packages/domain-user",
      "link": true
    },
    "packages/api-client-account": {
      "name": "@syngy/api-client-account",
      "version": "1.0.0"
    },
    "packages/api-client-core": {
      "name": "@syngy/api-client-core",
      "version": "1.0.0"
    },
    "packages/api-client-user": {
      "name": "@syngy/api-client-user",
      "version": "1.0.0"
    },
    "packages/api-types-user": {
      "name": "@syngy/api-types-user",
      "version": "1.0.0"
    },
    "packages/domain-user": {
      "name": "@syngy/domain-user",
      "version": "1.0.0"
    }
  }
}
