{
  "name": "octopus-packages",
  "lockfileVersion": 3,
  "requires": true,
  "packages": {
    "": {
      "name": "octopus-packages",
      "workspaces": [
        "packages/*"
      ]
    },
    "node_modules/@syngy/api-client-user": {
      "resolved": "packages/api-client-user",
      "link": true
    },
    "packages/api-client-user": {
      "name": "@syngy/api-client-user",
      "version": "1.0.0"
    }
  }
}
